{
  "name": "socratic-tutor-demo",
  "version": "1.0.0",
  "lockfileVersion": 3,
  "requires": true,
  "packages": {
    "": {
      "name": "socratic-tutor-demo",
      "dependencies": {
        "@webtui/css": "0.1.10"
      }
    },
    "node_modules/@webtui/css": {
      "version": "0.1.10",
      "resolved": "https://registry.npmjs.org/@webtui/css/-/css-0.1.10.tgz",
      "integrity": "sha512-iovJnGDbhi0vaaOjpG+i56HGKx5hHls8JhhQxwPTl5b5ddce7PO+r7F+S4EObYjQlaa1RfClahkmpiNF+R8y8w==",
      "license": "MIT"
    }
  }
}
